
Microsoft Visual Studio Solution File, Format Version 12.00
# Visual Studio Version 17
VisualStudioVersion = 17.13.35825.156 d17.13
MinimumVisualStudioVersion = 10.0.40219.1
Project("{FAE04EC0-301F-11D3-BF4B-00C04F79EFBC}") = "SmartmonExporter", "SmartmonExporter\SmartmonExporter.csproj", "{F213540D-3E61-4DF1-818D-2668CF962B70}"
EndProject
Project("{2150E333-8FDC-42A3-9474-1A3956D46DE8}") = "Solution Items", "Solution Items", "{8EC462FD-D22E-90A8-E5CE-7E832BA40C5D}"
	ProjectSection(SolutionItems) = preProject
		.editorconfig = .editorconfig
		Directory.Build.props = Directory.Build.props
	EndProjectSection
EndProject
Global
	GlobalSection(SolutionConfigurationPlatforms) = preSolution
		Debug|Any CPU = Debug|Any CPU
		Release|Any CPU = Release|Any CPU
	EndGlobalSection
	GlobalSection(ProjectConfigurationPlatforms) = postSolution
		{F213540D-3E61-4DF1-818D-2668CF962B70}.Debug|Any CPU.ActiveCfg = Debug|Any CPU
		{F213540D-3E61-4DF1-818D-2668CF962B70}.Debug|Any CPU.Build.0 = Debug|Any CPU
		{F213540D-3E61-4DF1-818D-2668CF962B70}.Release|Any CPU.ActiveCfg = Release|Any CPU
		{F213540D-3E61-4DF1-818D-2668CF962B70}.Release|Any CPU.Build.0 = Release|Any CPU
	EndGlobalSection
	GlobalSection(SolutionProperties) = preSolution
		HideSolutionNode = FALSE
	EndGlobalSection
	GlobalSection(ExtensibilityGlobals) = postSolution
		SolutionGuid = {6D0FD39D-23E4-4DAF-8352-146FAA90946D}
	EndGlobalSection
EndGlobal
